
Microsoft Visual Studio Solution File, Format Version 12.00
# Visual Studio Version 17
VisualStudioVersion = 17.10.35013.160
MinimumVisualStudioVersion = 10.0.40219.1
Project("{9A19103F-16F7-4668-BE54-9A1E7A4F7556}") = "Blog", "Blog.csproj", "{926B5F62-F7EE-4B54-B22E-5A28B4D90D36}"
EndProject
Global
	GlobalSection(SolutionConfigurationPlatforms) = preSolution
		Debug|Any CPU = Debug|Any CPU
		Release|Any CPU = Release|Any CPU
	EndGlobalSection
	GlobalSection(ProjectConfigurationPlatforms) = postSolution
		{926B5F62-F7EE-4B54-B22E-5A28B4D90D36}.Debug|Any CPU.ActiveCfg = Debug|Any CPU
		{926B5F62-F7EE-4B54-B22E-5A28B4D90D36}.Debug|Any CPU.Build.0 = Debug|Any CPU
		{926B5F62-F7EE-4B54-B22E-5A28B4D90D36}.Release|Any CPU.ActiveCfg = Release|Any CPU
		{926B5F62-F7EE-4B54-B22E-5A28B4D90D36}.Release|Any CPU.Build.0 = Release|Any CPU
	EndGlobalSection
	GlobalSection(SolutionProperties) = preSolution
		HideSolutionNode = FALSE
	EndGlobalSection
	GlobalSection(ExtensibilityGlobals) = postSolution
		SolutionGuid = {78126AD6-60CE-43D5-93A5-51C941099CBA}
	EndGlobalSection
EndGlobal
